// !$*UTF8*$!
{
	archiveVersion = 1;
	classes = {
	};
	objectVersion = 46;
	objects = {

/* Begin PBXBuildFile section */
		AD86366D1D1CA38000792EDC /* AppDelegate.swift in Sources */ = {isa = PBXBuildFile; fileRef = AD86366C1D1CA38000792EDC /* AppDelegate.swift */; };
		AD86366F1D1CA38000792EDC /* ViewController.swift in Sources */ = {isa = PBXBuildFile; fileRef = AD86366E1D1CA38000792EDC /* ViewController.swift */; };
		AD8636721D1CA38000792EDC /* Main.storyboard in Resources */ = {isa = PBXBuildFile; fileRef = AD8636701D1CA38000792EDC /* Main.storyboard */; };
		AD8636741D1CA38000792EDC /* Assets.xcassets in Resources */ = {isa = PBXBuildFile; fileRef = AD8636731D1CA38000792EDC /* Assets.xcassets */; };
		AD8636771D1CA38000792EDC /* LaunchScreen.storyboard in Resources */ = {isa = PBXBuildFile; fileRef = AD8636751D1CA38000792EDC /* LaunchScreen.storyboard */; };
/* End PBXBuildFile section */

/* Begin PBXFileReference section */
		AD8636691D1CA38000792EDC /* HelloRest.app */ = {isa = PBXFileReference; explicitFileType = wrapper.application; includeInIndex = 0; path = HelloRest.app; sourceTree = BUILT_PRODUCTS_DIR; };
		AD86366C1D1CA38000792EDC /* AppDelegate.swift */ = {isa = PBXFileReference; lastKnownFileType = sourcecode.swift; path = AppDelegate.swift; sourceTree = "<group>"; };
		AD86366E1D1CA38000792EDC /* ViewController.swift */ = {isa = PBXFileReference; lastKnownFileType = sourcecode.swift; path = ViewController.swift; sourceTree = "<group>"; };
		AD8636711D1CA38000792EDC /* Base */ = {isa = PBXFileReference; lastKnownFileType = file.storyboard; name = Base; path = Base.lproj/Main.storyboard; sourceTree = "<group>"; };
		AD8636731D1CA38000792EDC /* Assets.xcassets */ = {isa = PBXFileReference; lastKnownFileType = folder.assetcatalog; path = Assets.xcassets; sourceTree = "<group>"; };
		AD8636761D1CA38000792EDC /* Base */ = {isa = PBXFileReference; lastKnownFileType = file.storyboard; name = Base; path = Base.lproj/LaunchScreen.storyboard; sourceTree = "<group>"; };
		AD8636781D1CA38000792EDC /* Info.plist */ = {isa = PBXFileReference; lastKnownFileType = text.plist.xml; path = Info.plist; sourceTree = "<group>"; };
/* End PBXFileReference section */

/* Begin PBXFrameworksBuildPhase section */
		AD8636661D1CA38000792EDC /* Frameworks */ = {
			isa = PBXFrameworksBuildPhase;
			buildActionMask = 2147483647;
			files = (
			);
			runOnlyForDeploymentPostprocessing = 0;
		};
/* End PBXFrameworksBuildPhase section */

/* Begin PBXGroup section */
		AD8636601D1CA38000792EDC = {
			isa = PBXGroup;
			children = (
				AD86366B1D1CA38000792EDC /* HelloRest */,
				AD86366A1D1CA38000792EDC /* Products */,
			);
			sourceTree = "<group>";
		};
		AD86366A1D1CA38000792EDC /* Products */ = {
			isa = PBXGroup;
			children = (
				AD8636691D1CA38000792EDC /* HelloRest.app */,
			);
			name = Products;
			sourceTree = "<group>";
		};
		AD86366B1D1CA38000792EDC /* HelloRest */ = {
			isa = PBXGroup;
			children = (
				AD86366C1D1CA38000792EDC /* AppDelegate.swift */,
				AD86366E1D1CA38000792EDC /* ViewController.swift */,
				AD8636701D1CA38000792EDC /* Main.storyboard */,
				AD8636731D1CA38000792EDC /* Assets.xcassets */,
				AD8636751D1CA38000792EDC /* LaunchScreen.storyboard */,
				AD8636781D1CA38000792EDC /* Info.plist */,
			);
			path = HelloRest;
			sourceTree = "<group>";
		};
/* End PBXGroup section */

/* Begin PBXNativeTarget section */
		AD8636681D1CA38000792EDC /* HelloRest */ = {
			isa = PBXNativeTarget;
			buildConfigurationList = AD86367B1D1CA38000792EDC /* Build configuration list for PBXNativeTarget "HelloRest" */;
			buildPhases = (
				AD8636651D1CA38000792EDC /* Sources */,
				AD8636661D1CA38000792EDC /* Frameworks */,
				AD8636671D1CA38000792EDC /* Resources */,
			);
			buildRules = (
			);
			dependencies = (
			);
			name = HelloRest;
			productName = HelloRest;
			productReference = AD8636691D1CA38000792EDC /* HelloRest.app */;
			productType = "com.apple.product-type.application";
		};
/* End PBXNativeTarget section */

/* Begin PBXProject section */
		AD8636611D1CA38000792EDC /* Project object */ = {
			isa = PBXProject;
			attributes = {
				LastSwiftUpdateCheck = 0730;
				LastUpgradeCheck = 0730;
				ORGANIZATIONNAME = Venkat;
				TargetAttributes = {
					AD8636681D1CA38000792EDC = {
						CreatedOnToolsVersion = 7.3.1;
					};
				};
			};
			buildConfigurationList = AD8636641D1CA38000792EDC /* Build configuration list for PBXProject "HelloRest" */;
			compatibilityVersion = "Xcode 3.2";
			developmentRegion = English;
			hasScannedForEncodings = 0;
			knownRegions = (
				en,
				Base,
			);
			mainGroup = AD8636601D1CA38000792EDC;
			productRefGroup = AD86366A1D1CA38000792EDC /* Products */;
			projectDirPath = "";
			projectRoot = "";
			targets = (
				AD8636681D1CA38000792EDC /* HelloRest */,
			);
		};
/* End PBXProject section */

/* Begin PBXResourcesBuildPhase section */
		AD8636671D1CA38000792EDC /* Resources */ = {
			isa = PBXResourcesBuildPhase;
			buildActionMask = 2147483647;
			files = (
				AD8636771D1CA38000792EDC /* LaunchScreen.storyboard in Resources */,
				AD8636741D1CA38000792EDC /* Assets.xcassets in Resources */,
				AD8636721D1CA38000792EDC /* Main.storyboard in Resources */,
			);
			runOnlyForDeploymentPostprocessing = 0;
		};
/* End PBXResourcesBuildPhase section */

/* Begin PBXSourcesBuildPhase section */
		AD8636651D1CA38000792EDC /* Sources */ = {
			isa = PBXSourcesBuildPhase;
			buildActionMask = 2147483647;
			files = (
				AD86366F1D1CA38000792EDC /* ViewController.swift in Sources */,
				AD86366D1D1CA38000792EDC /* AppDelegate.swift in Sources */,
			);
			runOnlyForDeploymentPostprocessing = 0;
		};
/* End PBXSourcesBuildPhase section */

/* Begin PBXVariantGroup section */
		AD8636701D1CA38000792EDC /* Main.storyboard */ = {
			isa = PBXVariantGroup;
			children = (
				AD8636711D1CA38000792EDC /* Base */,
			);
			name = Main.storyboard;
			sourceTree = "<group>";
		};
		AD8636751D1CA38000792EDC /* LaunchScreen.storyboard */ = {
			isa = PBXVariantGroup;
			children = (
				AD8636761D1CA38000792EDC /* Base */,
			);
			name = LaunchScreen.storyboard;
			sourceTree = "<group>";
		};
/* End PBXVariantGroup section */

/* Begin XCBuildConfiguration section */
		AD8636791D1CA38000792EDC /* Debug */ = {
			isa = XCBuildConfiguration;
			buildSettings = {
				ALWAYS_SEARCH_USER_PATHS = NO;
				CLANG_ANALYZER_NONNULL = YES;
				CLANG_CXX_LANGUAGE_STANDARD = "gnu++0x";
				CLANG_CXX_LIBRARY = "libc++";
				CLANG_ENABLE_MODULES = YES;
				CLANG_ENABLE_OBJC_ARC = YES;
				CLANG_WARN_BOOL_CONVERSION = YES;
				CLANG_WARN_CONSTANT_CONVERSION = YES;
				CLANG_WARN_DIRECT_OBJC_ISA_USAGE = YES_ERROR;
				CLANG_WARN_EMPTY_BODY = YES;
				CLANG_WARN_ENUM_CONVERSION = YES;
				CLANG_WARN_INT_CONVERSION = YES;
				CLANG_WARN_OBJC_ROOT_CLASS = YES_ERROR;
				CLANG_WARN_UNREACHABLE_CODE = YES;
				CLANG_WARN__DUPLICATE_METHOD_MATCH = YES;
				"CODE_SIGN_IDENTITY[sdk=iphoneos*]" = "iPhone Developer";
				COPY_PHASE_STRIP = NO;
				DEBUG_INFORMATION_FORMAT = dwarf;
				ENABLE_STRICT_OBJC_MSGSEND = YES;
				ENABLE_TESTABILITY = YES;
				GCC_C_LANGUAGE_STANDARD = gnu99;
				GCC_DYNAMIC_NO_PIC = NO;
				GCC_NO_COMMON_BLOCKS = YES;
				GCC_OPTIMIZATION_LEVEL = 0;
				GCC_PREPROCESSOR_DEFINITIONS = (
					"DEBUG=1",
					"$(inherited)",
				);
				GCC_WARN_64_TO_32_BIT_CONVERSION = YES;
				GCC_WARN_ABOUT_RETURN_TYPE = YES_ERROR;
				GCC_WARN_UNDECLARED_SELECTOR = YES;
				GCC_WARN_UNINITIALIZED_AUTOS = YES_AGGRESSIVE;
				GCC_WARN_UNUSED_FUNCTION = YES;
				GCC_WARN_UNUSED_VARIABLE = YES;
				IPHONEOS_DEPLOYMENT_TARGET = 9.3;
				MTL_ENABLE_DEBUG_INFO = YES;
				ONLY_ACTIVE_ARCH = YES;
				SDKROOT = iphoneos;
				SWIFT_OPTIMIZATION_LEVEL = "-Onone";
			};
			name = Debug;
		};
		AD86367A1D1CA38000792EDC /* Release */ = {
			isa = XCBuildConfiguration;
			buildSettings = {
				ALWAYS_SEARCH_USER_PATHS = NO;
				CLANG_ANALYZER_NONNULL = YES;
				CLANG_CXX_LANGUAGE_STANDARD = "gnu++0x";
				CLANG_CXX_LIBRARY = "libc++";
				CLANG_ENABLE_MODULES = YES;
				CLANG_ENABLE_OBJC_ARC = YES;
				CLANG_WARN_BOOL_CONVERSION = YES;
				CLANG_WARN_CONSTANT_CONVERSION = YES;
				CLANG_WARN_DIRECT_OBJC_ISA_USAGE = YES_ERROR;
				CLANG_WARN_EMPTY_BODY = YES;
				CLANG_WARN_ENUM_CONVERSION = YES;
				CLANG_WARN_INT_CONVERSION = YES;
				CLANG_WARN_OBJC_ROOT_CLASS = YES_ERROR;
				CLANG_WARN_UNREACHABLE_CODE = YES;
				CLANG_WARN__DUPLICATE_METHOD_MATCH = YES;
				"CODE_SIGN_IDENTITY[sdk=iphoneos*]" = "iPhone Developer";
				COPY_PHASE_STRIP = NO;
				DEBUG_INFORMATION_FORMAT = "dwarf-with-dsym";
				ENABLE_NS_ASSERTIONS = NO;
				ENABLE_STRICT_OBJC_MSGSEND = YES;
				GCC_C_LANGUAGE_STANDARD = gnu99;
				GCC_NO_COMMON_BLOCKS = YES;
				GCC_WARN_64_TO_32_BIT_CONVERSION = YES;
				GCC_WARN_ABOUT_RETURN_TYPE = YES_ERROR;
				GCC_WARN_UNDECLARED_SELECTOR = YES;
				GCC_WARN_UNINITIALIZED_AUTOS = YES_AGGRESSIVE;
				GCC_WARN_UNUSED_FUNCTION = YES;
				GCC_WARN_UNUSED_VARIABLE = YES;
				IPHONEOS_DEPLOYMENT_TARGET = 9.3;
				MTL_ENABLE_DEBUG_INFO = NO;
				SDKROOT = iphoneos;
				VALIDATE_PRODUCT = YES;
			};
			name = Release;
		};
		AD86367C1D1CA38000792EDC /* Debug */ = {
			isa = XCBuildConfiguration;
			buildSettings = {
				ASSETCATALOG_COMPILER_APPICON_NAME = AppIcon;
				INFOPLIST_FILE = HelloRest/Info.plist;
				LD_RUNPATH_SEARCH_PATHS = "$(inherited) @executable_path/Frameworks";
				PRODUCT_BUNDLE_IDENTIFIER = com.vp.HelloRest;
				PRODUCT_NAME = "$(TARGET_NAME)";
			};
			name = Debug;
		};
		AD86367D1D1CA38000792EDC /* Release */ = {
			isa = XCBuildConfiguration;
			buildSettings = {
				ASSETCATALOG_COMPILER_APPICON_NAME = AppIcon;
				INFOPLIST_FILE = HelloRest/Info.plist;
				LD_RUNPATH_SEARCH_PATHS = "$(inherited) @executable_path/Frameworks";
				PRODUCT_BUNDLE_IDENTIFIER = com.vp.HelloRest;
				PRODUCT_NAME = "$(TARGET_NAME)";
			};
			name = Release;
		};
/* End XCBuildConfiguration section */

/* Begin XCConfigurationList section */
		AD8636641D1CA38000792EDC /* Build configuration list for PBXProject "HelloRest" */ = {
			isa = XCConfigurationList;
			buildConfigurations = (
				AD8636791D1CA38000792EDC /* Debug */,
				AD86367A1D1CA38000792EDC /* Release */,
			);
			defaultConfigurationIsVisible = 0;
			defaultConfigurationName = Release;
		};
		AD86367B1D1CA38000792EDC /* Build configuration list for PBXNativeTarget "HelloRest" */ = {
			isa = XCConfigurationList;
			buildConfigurations = (
				AD86367C1D1CA38000792EDC /* Debug */,
				AD86367D1D1CA38000792EDC /* Release */,
			);
			defaultConfigurationIsVisible = 0;
		};
/* End XCConfigurationList section */
	};
	rootObject = AD8636611D1CA38000792EDC /* Project object */;
}
